
Microsoft Visual Studio Solution File, Format Version 12.00
# Visual Studio 2012
Project("{FAE04EC0-301F-11D3-BF4B-00C04F79EFBC}") = "CRMWebClient", "CRMWebClient\CRMWebClient.csproj", "{2DDD7007-6359-41F7-B012-88E211F5D193}"
EndProject
Global
	GlobalSection(SolutionConfigurationPlatforms) = preSolution
		Debug|Any CPU = Debug|Any CPU
		Release|Any CPU = Release|Any CPU
	EndGlobalSection
	GlobalSection(ProjectConfigurationPlatforms) = postSolution
		{2DDD7007-6359-41F7-B012-88E211F5D193}.Debug|Any CPU.ActiveCfg = Debug|Any CPU
		{2DDD7007-6359-41F7-B012-88E211F5D193}.Debug|Any CPU.Build.0 = Debug|Any CPU
		{2DDD7007-6359-41F7-B012-88E211F5D193}.Release|Any CPU.ActiveCfg = Release|Any CPU
		{2DDD7007-6359-41F7-B012-88E211F5D193}.Release|Any CPU.Build.0 = Release|Any CPU
	EndGlobalSection
	GlobalSection(SolutionProperties) = preSolution
		HideSolutionNode = FALSE
	EndGlobalSection
EndGlobal
